
Microsoft Visual Studio Solution File, Format Version 12.00
Project("{FAE04EC0-301F-11D3-BF4B-00C04F79EFBC}") = "UsuariosAPI", "UsuariosAPI\UsuariosAPI.csproj", "{54229A3F-67E7-43D2-92F9-292F2B9A7BD5}"
EndProject
Global
	GlobalSection(SolutionConfigurationPlatforms) = preSolution
		Debug|Any CPU = Debug|Any CPU
		Release|Any CPU = Release|Any CPU
	EndGlobalSection
	GlobalSection(ProjectConfigurationPlatforms) = postSolution
		{54229A3F-67E7-43D2-92F9-292F2B9A7BD5}.Debug|Any CPU.ActiveCfg = Debug|Any CPU
		{54229A3F-67E7-43D2-92F9-292F2B9A7BD5}.Debug|Any CPU.Build.0 = Debug|Any CPU
		{54229A3F-67E7-43D2-92F9-292F2B9A7BD5}.Release|Any CPU.ActiveCfg = Release|Any CPU
		{54229A3F-67E7-43D2-92F9-292F2B9A7BD5}.Release|Any CPU.Build.0 = Release|Any CPU
	EndGlobalSection
EndGlobal
